
Microsoft Visual Studio Solution File, Format Version 12.00
# Visual Studio Version 17
VisualStudioVersion = 17.10.35013.160
MinimumVisualStudioVersion = 10.0.40219.1
Project("{FAE04EC0-301F-11D3-BF4B-00C04F79EFBC}") = "PP_C", "PP_C\PP_C.csproj", "{929DE915-01D8-4E16-ACE7-E64DEF02DA1D}"
EndProject
Global
	GlobalSection(SolutionConfigurationPlatforms) = preSolution
		Debug|Any CPU = Debug|Any CPU
		Release|Any CPU = Release|Any CPU
	EndGlobalSection
	GlobalSection(ProjectConfigurationPlatforms) = postSolution
		{929DE915-01D8-4E16-ACE7-E64DEF02DA1D}.Debug|Any CPU.ActiveCfg = Debug|Any CPU
		{929DE915-01D8-4E16-ACE7-E64DEF02DA1D}.Debug|Any CPU.Build.0 = Debug|Any CPU
		{929DE915-01D8-4E16-ACE7-E64DEF02DA1D}.Release|Any CPU.ActiveCfg = Release|Any CPU
		{929DE915-01D8-4E16-ACE7-E64DEF02DA1D}.Release|Any CPU.Build.0 = Release|Any CPU
	EndGlobalSection
	GlobalSection(SolutionProperties) = preSolution
		HideSolutionNode = FALSE
	EndGlobalSection
	GlobalSection(ExtensibilityGlobals) = postSolution
		SolutionGuid = {273597C6-7A32-4934-BDA9-F21CC8CB74C0}
	EndGlobalSection
EndGlobal
